
Microsoft Visual Studio Solution File, Format Version 12.00
# Visual Studio Version 16
VisualStudioVersion = 16.0.31613.86
MinimumVisualStudioVersion = 10.0.40219.1
Project("{FAE04EC0-301F-11D3-BF4B-00C04F79EFBC}") = "Exceptions , Exception Handling", "Exceptions , Exception Handling\Exceptions , Exception Handling.csproj", "{E261EF54-DAE6-42BF-93BC-AD07B3D33DDE}"
EndProject
Global
	GlobalSection(SolutionConfigurationPlatforms) = preSolution
		Debug|Any CPU = Debug|Any CPU
		Release|Any CPU = Release|Any CPU
	EndGlobalSection
	GlobalSection(ProjectConfigurationPlatforms) = postSolution
		{E261EF54-DAE6-42BF-93BC-AD07B3D33DDE}.Debug|Any CPU.ActiveCfg = Debug|Any CPU
		{E261EF54-DAE6-42BF-93BC-AD07B3D33DDE}.Debug|Any CPU.Build.0 = Debug|Any CPU
		{E261EF54-DAE6-42BF-93BC-AD07B3D33DDE}.Release|Any CPU.ActiveCfg = Release|Any CPU
		{E261EF54-DAE6-42BF-93BC-AD07B3D33DDE}.Release|Any CPU.Build.0 = Release|Any CPU
	EndGlobalSection
	GlobalSection(SolutionProperties) = preSolution
		HideSolutionNode = FALSE
	EndGlobalSection
	GlobalSection(ExtensibilityGlobals) = postSolution
		SolutionGuid = {D55627B3-6B9E-4F8F-BC25-EE32A59843A5}
	EndGlobalSection
EndGlobal
